
Microsoft Visual Studio Solution File, Format Version 12.00
# Visual Studio Version 17
VisualStudioVersion = 17.13.35931.197 d17.13
MinimumVisualStudioVersion = 10.0.40219.1
Project("{FAE04EC0-301F-11D3-BF4B-00C04F79EFBC}") = "test2332", "test2332.csproj", "{5919FD66-3A87-403D-8618-E868B8540451}"
EndProject
Global
	GlobalSection(SolutionConfigurationPlatforms) = preSolution
		Debug|Any CPU = Debug|Any CPU
		Release|Any CPU = Release|Any CPU
	EndGlobalSection
	GlobalSection(ProjectConfigurationPlatforms) = postSolution
		{5919FD66-3A87-403D-8618-E868B8540451}.Debug|Any CPU.ActiveCfg = Debug|Any CPU
		{5919FD66-3A87-403D-8618-E868B8540451}.Debug|Any CPU.Build.0 = Debug|Any CPU
		{5919FD66-3A87-403D-8618-E868B8540451}.Release|Any CPU.ActiveCfg = Release|Any CPU
		{5919FD66-3A87-403D-8618-E868B8540451}.Release|Any CPU.Build.0 = Release|Any CPU
	EndGlobalSection
	GlobalSection(SolutionProperties) = preSolution
		HideSolutionNode = FALSE
	EndGlobalSection
	GlobalSection(ExtensibilityGlobals) = postSolution
		SolutionGuid = {747B0889-258E-4D5C-B99C-B1CD11DFDD42}
	EndGlobalSection
EndGlobal
